// !$*UTF8*$!
{
	archiveVersion = 1;
	classes = {
	};
	objectVersion = 55;
	objects = {

/* Begin PBXBuildFile section */
		352CF82B2814047C00965FD6 /* AppDelegate.swift in Sources */ = {isa = PBXBuildFile; fileRef = 352CF82A2814047C00965FD6 /* AppDelegate.swift */; };
		352CF82D2814047C00965FD6 /* SceneDelegate.swift in Sources */ = {isa = PBXBuildFile; fileRef = 352CF82C2814047C00965FD6 /* SceneDelegate.swift */; };
		352CF82F2814047C00965FD6 /* ViewController.swift in Sources */ = {isa = PBXBuildFile; fileRef = 352CF82E2814047C00965FD6 /* ViewController.swift */; };
		352CF8322814047C00965FD6 /* Main.storyboard in Resources */ = {isa = PBXBuildFile; fileRef = 352CF8302814047C00965FD6 /* Main.storyboard */; };
		352CF8342814048000965FD6 /* Assets.xcassets in Resources */ = {isa = PBXBuildFile; fileRef = 352CF8332814048000965FD6 /* Assets.xcassets */; };
		352CF8372814048000965FD6 /* LaunchScreen.storyboard in Resources */ = {isa = PBXBuildFile; fileRef = 352CF8352814048000965FD6 /* LaunchScreen.storyboard */; };
		352CF8422814048000965FD6 /* leboncoinTests.swift in Sources */ = {isa = PBXBuildFile; fileRef = 352CF8412814048000965FD6 /* leboncoinTests.swift */; };
		352CF84C2814048000965FD6 /* leboncoinUITests.swift in Sources */ = {isa = PBXBuildFile; fileRef = 352CF84B2814048000965FD6 /* leboncoinUITests.swift */; };
		352CF84E2814048000965FD6 /* leboncoinUITestsLaunchTests.swift in Sources */ = {isa = PBXBuildFile; fileRef = 352CF84D2814048000965FD6 /* leboncoinUITestsLaunchTests.swift */; };
/* End PBXBuildFile section */

/* Begin PBXContainerItemProxy section */
		352CF83E2814048000965FD6 /* PBXContainerItemProxy */ = {
			isa = PBXContainerItemProxy;
			containerPortal = 352CF81F2814047B00965FD6 /* Project object */;
			proxyType = 1;
			remoteGlobalIDString = 352CF8262814047B00965FD6;
			remoteInfo = leboncoin;
		};
		352CF8482814048000965FD6 /* PBXContainerItemProxy */ = {
			isa = PBXContainerItemProxy;
			containerPortal = 352CF81F2814047B00965FD6 /* Project object */;
			proxyType = 1;
			remoteGlobalIDString = 352CF8262814047B00965FD6;
			remoteInfo = leboncoin;
		};
/* End PBXContainerItemProxy section */

/* Begin PBXFileReference section */
		352CF8272814047C00965FD6 /* leboncoin.app */ = {isa = PBXFileReference; explicitFileType = wrapper.application; includeInIndex = 0; path = leboncoin.app; sourceTree = BUILT_PRODUCTS_DIR; };
		352CF82A2814047C00965FD6 /* AppDelegate.swift */ = {isa = PBXFileReference; lastKnownFileType = sourcecode.swift; path = AppDelegate.swift; sourceTree = "<group>"; };
		352CF82C2814047C00965FD6 /* SceneDelegate.swift */ = {isa = PBXFileReference; lastKnownFileType = sourcecode.swift; path = SceneDelegate.swift; sourceTree = "<group>"; };
		352CF82E2814047C00965FD6 /* ViewController.swift */ = {isa = PBXFileReference; lastKnownFileType = sourcecode.swift; path = ViewController.swift; sourceTree = "<group>"; };
		352CF8312814047C00965FD6 /* Base */ = {isa = PBXFileReference; lastKnownFileType = file.storyboard; name = Base; path = Base.lproj/Main.storyboard; sourceTree = "<group>"; };
		352CF8332814048000965FD6 /* Assets.xcassets */ = {isa = PBXFileReference; lastKnownFileType = folder.assetcatalog; path = Assets.xcassets; sourceTree = "<group>"; };
		352CF8362814048000965FD6 /* Base */ = {isa = PBXFileReference; lastKnownFileType = file.storyboard; name = Base; path = Base.lproj/LaunchScreen.storyboard; sourceTree = "<group>"; };
		352CF8382814048000965FD6 /* Info.plist */ = {isa = PBXFileReference; lastKnownFileType = text.plist.xml; path = Info.plist; sourceTree = "<group>"; };
		352CF83D2814048000965FD6 /* leboncoinTests.xctest */ = {isa = PBXFileReference; explicitFileType = wrapper.cfbundle; includeInIndex = 0; path = leboncoinTests.xctest; sourceTree = BUILT_PRODUCTS_DIR; };
		352CF8412814048000965FD6 /* leboncoinTests.swift */ = {isa = PBXFileReference; lastKnownFileType = sourcecode.swift; path = leboncoinTests.swift; sourceTree = "<group>"; };
		352CF8472814048000965FD6 /* leboncoinUITests.xctest */ = {isa = PBXFileReference; explicitFileType = wrapper.cfbundle; includeInIndex = 0; path = leboncoinUITests.xctest; sourceTree = BUILT_PRODUCTS_DIR; };
		352CF84B2814048000965FD6 /* leboncoinUITests.swift */ = {isa = PBXFileReference; lastKnownFileType = sourcecode.swift; path = leboncoinUITests.swift; sourceTree = "<group>"; };
		352CF84D2814048000965FD6 /* leboncoinUITestsLaunchTests.swift */ = {isa = PBXFileReference; lastKnownFileType = sourcecode.swift; path = leboncoinUITestsLaunchTests.swift; sourceTree = "<group>"; };
/* End PBXFileReference section */

/* Begin PBXFrameworksBuildPhase section */
		352CF8242814047B00965FD6 /* Frameworks */ = {
			isa = PBXFrameworksBuildPhase;
			buildActionMask = 2147483647;
			files = (
			);
			runOnlyForDeploymentPostprocessing = 0;
		};
		352CF83A2814048000965FD6 /* Frameworks */ = {
			isa = PBXFrameworksBuildPhase;
			buildActionMask = 2147483647;
			files = (
			);
			runOnlyForDeploymentPostprocessing = 0;
		};
		352CF8442814048000965FD6 /* Frameworks */ = {
			isa = PBXFrameworksBuildPhase;
			buildActionMask = 2147483647;
			files = (
			);
			runOnlyForDeploymentPostprocessing = 0;
		};
/* End PBXFrameworksBuildPhase section */

/* Begin PBXGroup section */
		352CF81E2814047B00965FD6 = {
			isa = PBXGroup;
			children = (
				352CF8292814047C00965FD6 /* leboncoin */,
				352CF8402814048000965FD6 /* leboncoinTests */,
				352CF84A2814048000965FD6 /* leboncoinUITests */,
				352CF8282814047C00965FD6 /* Products */,
			);
			sourceTree = "<group>";
		};
		352CF8282814047C00965FD6 /* Products */ = {
			isa = PBXGroup;
			children = (
				352CF8272814047C00965FD6 /* leboncoin.app */,
				352CF83D2814048000965FD6 /* leboncoinTests.xctest */,
				352CF8472814048000965FD6 /* leboncoinUITests.xctest */,
			);
			name = Products;
			sourceTree = "<group>";
		};
		352CF8292814047C00965FD6 /* leboncoin */ = {
			isa = PBXGroup;
			children = (
				352CF82A2814047C00965FD6 /* AppDelegate.swift */,
				352CF82C2814047C00965FD6 /* SceneDelegate.swift */,
				352CF82E2814047C00965FD6 /* ViewController.swift */,
				352CF8302814047C00965FD6 /* Main.storyboard */,
				352CF8332814048000965FD6 /* Assets.xcassets */,
				352CF8352814048000965FD6 /* LaunchScreen.storyboard */,
				352CF8382814048000965FD6 /* Info.plist */,
			);
			path = leboncoin;
			sourceTree = "<group>";
		};
		352CF8402814048000965FD6 /* leboncoinTests */ = {
			isa = PBXGroup;
			children = (
				352CF8412814048000965FD6 /* leboncoinTests.swift */,
			);
			path = leboncoinTests;
			sourceTree = "<group>";
		};
		352CF84A2814048000965FD6 /* leboncoinUITests */ = {
			isa = PBXGroup;
			children = (
				352CF84B2814048000965FD6 /* leboncoinUITests.swift */,
				352CF84D2814048000965FD6 /* leboncoinUITestsLaunchTests.swift */,
			);
			path = leboncoinUITests;
			sourceTree = "<group>";
		};
/* End PBXGroup section */

/* Begin PBXNativeTarget section */
		352CF8262814047B00965FD6 /* leboncoin */ = {
			isa = PBXNativeTarget;
			buildConfigurationList = 352CF8512814048000965FD6 /* Build configuration list for PBXNativeTarget "leboncoin" */;
			buildPhases = (
				352CF8232814047B00965FD6 /* Sources */,
				352CF8242814047B00965FD6 /* Frameworks */,
				352CF8252814047B00965FD6 /* Resources */,
			);
			buildRules = (
			);
			dependencies = (
			);
			name = leboncoin;
			productName = leboncoin;
			productReference = 352CF8272814047C00965FD6 /* leboncoin.app */;
			productType = "com.apple.product-type.application";
		};
		352CF83C2814048000965FD6 /* leboncoinTests */ = {
			isa = PBXNativeTarget;
			buildConfigurationList = 352CF8542814048000965FD6 /* Build configuration list for PBXNativeTarget "leboncoinTests" */;
			buildPhases = (
				352CF8392814048000965FD6 /* Sources */,
				352CF83A2814048000965FD6 /* Frameworks */,
				352CF83B2814048000965FD6 /* Resources */,
			);
			buildRules = (
			);
			dependencies = (
				352CF83F2814048000965FD6 /* PBXTargetDependency */,
			);
			name = leboncoinTests;
			productName = leboncoinTests;
			productReference = 352CF83D2814048000965FD6 /* leboncoinTests.xctest */;
			productType = "com.apple.product-type.bundle.unit-test";
		};
		352CF8462814048000965FD6 /* leboncoinUITests */ = {
			isa = PBXNativeTarget;
			buildConfigurationList = 352CF8572814048000965FD6 /* Build configuration list for PBXNativeTarget "leboncoinUITests" */;
			buildPhases = (
				352CF8432814048000965FD6 /* Sources */,
				352CF8442814048000965FD6 /* Frameworks */,
				352CF8452814048000965FD6 /* Resources */,
			);
			buildRules = (
			);
			dependencies = (
				352CF8492814048000965FD6 /* PBXTargetDependency */,
			);
			name = leboncoinUITests;
			productName = leboncoinUITests;
			productReference = 352CF8472814048000965FD6 /* leboncoinUITests.xctest */;
			productType = "com.apple.product-type.bundle.ui-testing";
		};
/* End PBXNativeTarget section */

/* Begin PBXProject section */
		352CF81F2814047B00965FD6 /* Project object */ = {
			isa = PBXProject;
			attributes = {
				BuildIndependentTargetsInParallel = 1;
				LastSwiftUpdateCheck = 1330;
				LastUpgradeCheck = 1330;
				TargetAttributes = {
					352CF8262814047B00965FD6 = {
						CreatedOnToolsVersion = 13.3.1;
					};
					352CF83C2814048000965FD6 = {
						CreatedOnToolsVersion = 13.3.1;
						TestTargetID = 352CF8262814047B00965FD6;
					};
					352CF8462814048000965FD6 = {
						CreatedOnToolsVersion = 13.3.1;
						TestTargetID = 352CF8262814047B00965FD6;
					};
				};
			};
			buildConfigurationList = 352CF8222814047B00965FD6 /* Build configuration list for PBXProject "leboncoin" */;
			compatibilityVersion = "Xcode 13.0";
			developmentRegion = en;
			hasScannedForEncodings = 0;
			knownRegions = (
				en,
				Base,
			);
			mainGroup = 352CF81E2814047B00965FD6;
			productRefGroup = 352CF8282814047C00965FD6 /* Products */;
			projectDirPath = "";
			projectRoot = "";
			targets = (
				352CF8262814047B00965FD6 /* leboncoin */,
				352CF83C2814048000965FD6 /* leboncoinTests */,
				352CF8462814048000965FD6 /* leboncoinUITests */,
			);
		};
/* End PBXProject section */

/* Begin PBXResourcesBuildPhase section */
		352CF8252814047B00965FD6 /* Resources */ = {
			isa = PBXResourcesBuildPhase;
			buildActionMask = 2147483647;
			files = (
				352CF8372814048000965FD6 /* LaunchScreen.storyboard in Resources */,
				352CF8342814048000965FD6 /* Assets.xcassets in Resources */,
				352CF8322814047C00965FD6 /* Main.storyboard in Resources */,
			);
			runOnlyForDeploymentPostprocessing = 0;
		};
		352CF83B2814048000965FD6 /* Resources */ = {
			isa = PBXResourcesBuildPhase;
			buildActionMask = 2147483647;
			files = (
			);
			runOnlyForDeploymentPostprocessing = 0;
		};
		352CF8452814048000965FD6 /* Resources */ = {
			isa = PBXResourcesBuildPhase;
			buildActionMask = 2147483647;
			files = (
			);
			runOnlyForDeploymentPostprocessing = 0;
		};
/* End PBXResourcesBuildPhase section */

/* Begin PBXSourcesBuildPhase section */
		352CF8232814047B00965FD6 /* Sources */ = {
			isa = PBXSourcesBuildPhase;
			buildActionMask = 2147483647;
			files = (
				352CF82F2814047C00965FD6 /* ViewController.swift in Sources */,
				352CF82B2814047C00965FD6 /* AppDelegate.swift in Sources */,
				352CF82D2814047C00965FD6 /* SceneDelegate.swift in Sources */,
			);
			runOnlyForDeploymentPostprocessing = 0;
		};
		352CF8392814048000965FD6 /* Sources */ = {
			isa = PBXSourcesBuildPhase;
			buildActionMask = 2147483647;
			files = (
				352CF8422814048000965FD6 /* leboncoinTests.swift in Sources */,
			);
			runOnlyForDeploymentPostprocessing = 0;
		};
		352CF8432814048000965FD6 /* Sources */ = {
			isa = PBXSourcesBuildPhase;
			buildActionMask = 2147483647;
			files = (
				352CF84E2814048000965FD6 /* leboncoinUITestsLaunchTests.swift in Sources */,
				352CF84C2814048000965FD6 /* leboncoinUITests.swift in Sources */,
			);
			runOnlyForDeploymentPostprocessing = 0;
		};
/* End PBXSourcesBuildPhase section */

/* Begin PBXTargetDependency section */
		352CF83F2814048000965FD6 /* PBXTargetDependency */ = {
			isa = PBXTargetDependency;
			target = 352CF8262814047B00965FD6 /* leboncoin */;
			targetProxy = 352CF83E2814048000965FD6 /* PBXContainerItemProxy */;
		};
		352CF8492814048000965FD6 /* PBXTargetDependency */ = {
			isa = PBXTargetDependency;
			target = 352CF8262814047B00965FD6 /* leboncoin */;
			targetProxy = 352CF8482814048000965FD6 /* PBXContainerItemProxy */;
		};
/* End PBXTargetDependency section */

/* Begin PBXVariantGroup section */
		352CF8302814047C00965FD6 /* Main.storyboard */ = {
			isa = PBXVariantGroup;
			children = (
				352CF8312814047C00965FD6 /* Base */,
			);
			name = Main.storyboard;
			sourceTree = "<group>";
		};
		352CF8352814048000965FD6 /* LaunchScreen.storyboard */ = {
			isa = PBXVariantGroup;
			children = (
				352CF8362814048000965FD6 /* Base */,
			);
			name = LaunchScreen.storyboard;
			sourceTree = "<group>";
		};
/* End PBXVariantGroup section */

/* Begin XCBuildConfiguration section */
		352CF84F2814048000965FD6 /* Debug */ = {
			isa = XCBuildConfiguration;
			buildSettings = {
				ALWAYS_SEARCH_USER_PATHS = NO;
				CLANG_ANALYZER_NONNULL = YES;
				CLANG_ANALYZER_NUMBER_OBJECT_CONVERSION = YES_AGGRESSIVE;
				CLANG_CXX_LANGUAGE_STANDARD = "gnu++17";
				CLANG_ENABLE_MODULES = YES;
				CLANG_ENABLE_OBJC_ARC = YES;
				CLANG_ENABLE_OBJC_WEAK = YES;
				CLANG_WARN_BLOCK_CAPTURE_AUTORELEASING = YES;
				CLANG_WARN_BOOL_CONVERSION = YES;
				CLANG_WARN_COMMA = YES;
				CLANG_WARN_CONSTANT_CONVERSION = YES;
				CLANG_WARN_DEPRECATED_OBJC_IMPLEMENTATIONS = YES;
				CLANG_WARN_DIRECT_OBJC_ISA_USAGE = YES_ERROR;
				CLANG_WARN_DOCUMENTATION_COMMENTS = YES;
				CLANG_WARN_EMPTY_BODY = YES;
				CLANG_WARN_ENUM_CONVERSION = YES;
				CLANG_WARN_INFINITE_RECURSION = YES;
				CLANG_WARN_INT_CONVERSION = YES;
				CLANG_WARN_NON_LITERAL_NULL_CONVERSION = YES;
				CLANG_WARN_OBJC_IMPLICIT_RETAIN_SELF = YES;
				CLANG_WARN_OBJC_LITERAL_CONVERSION = YES;
				CLANG_WARN_OBJC_ROOT_CLASS = YES_ERROR;
				CLANG_WARN_QUOTED_INCLUDE_IN_FRAMEWORK_HEADER = YES;
				CLANG_WARN_RANGE_LOOP_ANALYSIS = YES;
				CLANG_WARN_STRICT_PROTOTYPES = YES;
				CLANG_WARN_SUSPICIOUS_MOVE = YES;
				CLANG_WARN_UNGUARDED_AVAILABILITY = YES_AGGRESSIVE;
				CLANG_WARN_UNREACHABLE_CODE = YES;
				CLANG_WARN__DUPLICATE_METHOD_MATCH = YES;
				COPY_PHASE_STRIP = NO;
				DEBUG_INFORMATION_FORMAT = dwarf;
				ENABLE_STRICT_OBJC_MSGSEND = YES;
				ENABLE_TESTABILITY = YES;
				GCC_C_LANGUAGE_STANDARD = gnu11;
				GCC_DYNAMIC_NO_PIC = NO;
				GCC_NO_COMMON_BLOCKS = YES;
				GCC_OPTIMIZATION_LEVEL = 0;
				GCC_PREPROCESSOR_DEFINITIONS = (
					"DEBUG=1",
					"$(inherited)",
				);
				GCC_WARN_64_TO_32_BIT_CONVERSION = YES;
				GCC_WARN_ABOUT_RETURN_TYPE = YES_ERROR;
				GCC_WARN_UNDECLARED_SELECTOR = YES;
				GCC_WARN_UNINITIALIZED_AUTOS = YES_AGGRESSIVE;
				GCC_WARN_UNUSED_FUNCTION = YES;
				GCC_WARN_UNUSED_VARIABLE = YES;
				IPHONEOS_DEPLOYMENT_TARGET = 15.4;
				MTL_ENABLE_DEBUG_INFO = INCLUDE_SOURCE;
				MTL_FAST_MATH = YES;
				ONLY_ACTIVE_ARCH = YES;
				SDKROOT = iphoneos;
				SWIFT_ACTIVE_COMPILATION_CONDITIONS = DEBUG;
				SWIFT_OPTIMIZATION_LEVEL = "-Onone";
			};
			name = Debug;
		};
		352CF8502814048000965FD6 /* Release */ = {
			isa = XCBuildConfiguration;
			buildSettings = {
				ALWAYS_SEARCH_USER_PATHS = NO;
				CLANG_ANALYZER_NONNULL = YES;
				CLANG_ANALYZER_NUMBER_OBJECT_CONVERSION = YES_AGGRESSIVE;
				CLANG_CXX_LANGUAGE_STANDARD = "gnu++17";
				CLANG_ENABLE_MODULES = YES;
				CLANG_ENABLE_OBJC_ARC = YES;
				CLANG_ENABLE_OBJC_WEAK = YES;
				CLANG_WARN_BLOCK_CAPTURE_AUTORELEASING = YES;
				CLANG_WARN_BOOL_CONVERSION = YES;
				CLANG_WARN_COMMA = YES;
				CLANG_WARN_CONSTANT_CONVERSION = YES;
				CLANG_WARN_DEPRECATED_OBJC_IMPLEMENTATIONS = YES;
				CLANG_WARN_DIRECT_OBJC_ISA_USAGE = YES_ERROR;
				CLANG_WARN_DOCUMENTATION_COMMENTS = YES;
				CLANG_WARN_EMPTY_BODY = YES;
				CLANG_WARN_ENUM_CONVERSION = YES;
				CLANG_WARN_INFINITE_RECURSION = YES;
				CLANG_WARN_INT_CONVERSION = YES;
				CLANG_WARN_NON_LITERAL_NULL_CONVERSION = YES;
				CLANG_WARN_OBJC_IMPLICIT_RETAIN_SELF = YES;
				CLANG_WARN_OBJC_LITERAL_CONVERSION = YES;
				CLANG_WARN_OBJC_ROOT_CLASS = YES_ERROR;
				CLANG_WARN_QUOTED_INCLUDE_IN_FRAMEWORK_HEADER = YES;
				CLANG_WARN_RANGE_LOOP_ANALYSIS = YES;
				CLANG_WARN_STRICT_PROTOTYPES = YES;
				CLANG_WARN_SUSPICIOUS_MOVE = YES;
				CLANG_WARN_UNGUARDED_AVAILABILITY = YES_AGGRESSIVE;
				CLANG_WARN_UNREACHABLE_CODE = YES;
				CLANG_WARN__DUPLICATE_METHOD_MATCH = YES;
				COPY_PHASE_STRIP = NO;
				DEBUG_INFORMATION_FORMAT = "dwarf-with-dsym";
				ENABLE_NS_ASSERTIONS = NO;
				ENABLE_STRICT_OBJC_MSGSEND = YES;
				GCC_C_LANGUAGE_STANDARD = gnu11;
				GCC_NO_COMMON_BLOCKS = YES;
				GCC_WARN_64_TO_32_BIT_CONVERSION = YES;
				GCC_WARN_ABOUT_RETURN_TYPE = YES_ERROR;
				GCC_WARN_UNDECLARED_SELECTOR = YES;
				GCC_WARN_UNINITIALIZED_AUTOS = YES_AGGRESSIVE;
				GCC_WARN_UNUSED_FUNCTION = YES;
				GCC_WARN_UNUSED_VARIABLE = YES;
				IPHONEOS_DEPLOYMENT_TARGET = 15.4;
				MTL_ENABLE_DEBUG_INFO = NO;
				MTL_FAST_MATH = YES;
				SDKROOT = iphoneos;
				SWIFT_COMPILATION_MODE = wholemodule;
				SWIFT_OPTIMIZATION_LEVEL = "-O";
				VALIDATE_PRODUCT = YES;
			};
			name = Release;
		};
		352CF8522814048000965FD6 /* Debug */ = {
			isa = XCBuildConfiguration;
			buildSettings = {
				ASSETCATALOG_COMPILER_APPICON_NAME = AppIcon;
				ASSETCATALOG_COMPILER_GLOBAL_ACCENT_COLOR_NAME = AccentColor;
				CODE_SIGN_STYLE = Automatic;
				CURRENT_PROJECT_VERSION = 1;
				GENERATE_INFOPLIST_FILE = YES;
				INFOPLIST_FILE = leboncoin/Info.plist;
				INFOPLIST_KEY_UIApplicationSupportsIndirectInputEvents = YES;
				INFOPLIST_KEY_UILaunchStoryboardName = LaunchScreen;
				INFOPLIST_KEY_UIMainStoryboardFile = Main;
				INFOPLIST_KEY_UISupportedInterfaceOrientations_iPad = "UIInterfaceOrientationPortrait UIInterfaceOrientationPortraitUpsideDown UIInterfaceOrientationLandscapeLeft UIInterfaceOrientationLandscapeRight";
				INFOPLIST_KEY_UISupportedInterfaceOrientations_iPhone = "UIInterfaceOrientationPortrait UIInterfaceOrientationLandscapeLeft UIInterfaceOrientationLandscapeRight";
				LD_RUNPATH_SEARCH_PATHS = (
					"$(inherited)",
					"@executable_path/Frameworks",
				);
				MARKETING_VERSION = 1.0;
				PRODUCT_BUNDLE_IDENTIFIER = com.hayouni.leboncoin;
				PRODUCT_NAME = "$(TARGET_NAME)";
				SWIFT_EMIT_LOC_STRINGS = YES;
				SWIFT_VERSION = 5.0;
				TARGETED_DEVICE_FAMILY = "1,2";
			};
			name = Debug;
		};
		352CF8532814048000965FD6 /* Release */ = {
			isa = XCBuildConfiguration;
			buildSettings = {
				ASSETCATALOG_COMPILER_APPICON_NAME = AppIcon;
				ASSETCATALOG_COMPILER_GLOBAL_ACCENT_COLOR_NAME = AccentColor;
				CODE_SIGN_STYLE = Automatic;
				CURRENT_PROJECT_VERSION = 1;
				GENERATE_INFOPLIST_FILE = YES;
				INFOPLIST_FILE = leboncoin/Info.plist;
				INFOPLIST_KEY_UIApplicationSupportsIndirectInputEvents = YES;
				INFOPLIST_KEY_UILaunchStoryboardName = LaunchScreen;
				INFOPLIST_KEY_UIMainStoryboardFile = Main;
				INFOPLIST_KEY_UISupportedInterfaceOrientations_iPad = "UIInterfaceOrientationPortrait UIInterfaceOrientationPortraitUpsideDown UIInterfaceOrientationLandscapeLeft UIInterfaceOrientationLandscapeRight";
				INFOPLIST_KEY_UISupportedInterfaceOrientations_iPhone = "UIInterfaceOrientationPortrait UIInterfaceOrientationLandscapeLeft UIInterfaceOrientationLandscapeRight";
				LD_RUNPATH_SEARCH_PATHS = (
					"$(inherited)",
					"@executable_path/Frameworks",
				);
				MARKETING_VERSION = 1.0;
				PRODUCT_BUNDLE_IDENTIFIER = com.hayouni.leboncoin;
				PRODUCT_NAME = "$(TARGET_NAME)";
				SWIFT_EMIT_LOC_STRINGS = YES;
				SWIFT_VERSION = 5.0;
				TARGETED_DEVICE_FAMILY = "1,2";
			};
			name = Release;
		};
		352CF8552814048000965FD6 /* Debug */ = {
			isa = XCBuildConfiguration;
			buildSettings = {
				ALWAYS_EMBED_SWIFT_STANDARD_LIBRARIES = YES;
				BUNDLE_LOADER = "$(TEST_HOST)";
				CODE_SIGN_STYLE = Automatic;
				CURRENT_PROJECT_VERSION = 1;
				GENERATE_INFOPLIST_FILE = YES;
				IPHONEOS_DEPLOYMENT_TARGET = 15.4;
				MARKETING_VERSION = 1.0;
				PRODUCT_BUNDLE_IDENTIFIER = com.hayouni.leboncoinTests;
				PRODUCT_NAME = "$(TARGET_NAME)";
				SWIFT_EMIT_LOC_STRINGS = NO;
				SWIFT_VERSION = 5.0;
				TARGETED_DEVICE_FAMILY = "1,2";
				TEST_HOST = "$(BUILT_PRODUCTS_DIR)/leboncoin.app/leboncoin";
			};
			name = Debug;
		};
		352CF8562814048000965FD6 /* Release */ = {
			isa = XCBuildConfiguration;
			buildSettings = {
				ALWAYS_EMBED_SWIFT_STANDARD_LIBRARIES = YES;
				BUNDLE_LOADER = "$(TEST_HOST)";
				CODE_SIGN_STYLE = Automatic;
				CURRENT_PROJECT_VERSION = 1;
				GENERATE_INFOPLIST_FILE = YES;
				IPHONEOS_DEPLOYMENT_TARGET = 15.4;
				MARKETING_VERSION = 1.0;
				PRODUCT_BUNDLE_IDENTIFIER = com.hayouni.leboncoinTests;
				PRODUCT_NAME = "$(TARGET_NAME)";
				SWIFT_EMIT_LOC_STRINGS = NO;
				SWIFT_VERSION = 5.0;
				TARGETED_DEVICE_FAMILY = "1,2";
				TEST_HOST = "$(BUILT_PRODUCTS_DIR)/leboncoin.app/leboncoin";
			};
			name = Release;
		};
		352CF8582814048000965FD6 /* Debug */ = {
			isa = XCBuildConfiguration;
			buildSettings = {
				ALWAYS_EMBED_SWIFT_STANDARD_LIBRARIES = YES;
				CODE_SIGN_STYLE = Automatic;
				CURRENT_PROJECT_VERSION = 1;
				GENERATE_INFOPLIST_FILE = YES;
				MARKETING_VERSION = 1.0;
				PRODUCT_BUNDLE_IDENTIFIER = com.hayouni.leboncoinUITests;
				PRODUCT_NAME = "$(TARGET_NAME)";
				SWIFT_EMIT_LOC_STRINGS = NO;
				SWIFT_VERSION = 5.0;
				TARGETED_DEVICE_FAMILY = "1,2";
				TEST_TARGET_NAME = leboncoin;
			};
			name = Debug;
		};
		352CF8592814048000965FD6 /* Release */ = {
			isa = XCBuildConfiguration;
			buildSettings = {
				ALWAYS_EMBED_SWIFT_STANDARD_LIBRARIES = YES;
				CODE_SIGN_STYLE = Automatic;
				CURRENT_PROJECT_VERSION = 1;
				GENERATE_INFOPLIST_FILE = YES;
				MARKETING_VERSION = 1.0;
				PRODUCT_BUNDLE_IDENTIFIER = com.hayouni.leboncoinUITests;
				PRODUCT_NAME = "$(TARGET_NAME)";
				SWIFT_EMIT_LOC_STRINGS = NO;
				SWIFT_VERSION = 5.0;
				TARGETED_DEVICE_FAMILY = "1,2";
				TEST_TARGET_NAME = leboncoin;
			};
			name = Release;
		};
/* End XCBuildConfiguration section */

/* Begin XCConfigurationList section */
		352CF8222814047B00965FD6 /* Build configuration list for PBXProject "leboncoin" */ = {
			isa = XCConfigurationList;
			buildConfigurations = (
				352CF84F2814048000965FD6 /* Debug */,
				352CF8502814048000965FD6 /* Release */,
			);
			defaultConfigurationIsVisible = 0;
			defaultConfigurationName = Release;
		};
		352CF8512814048000965FD6 /* Build configuration list for PBXNativeTarget "leboncoin" */ = {
			isa = XCConfigurationList;
			buildConfigurations = (
				352CF8522814048000965FD6 /* Debug */,
				352CF8532814048000965FD6 /* Release */,
			);
			defaultConfigurationIsVisible = 0;
			defaultConfigurationName = Release;
		};
		352CF8542814048000965FD6 /* Build configuration list for PBXNativeTarget "leboncoinTests" */ = {
			isa = XCConfigurationList;
			buildConfigurations = (
				352CF8552814048000965FD6 /* Debug */,
				352CF8562814048000965FD6 /* Release */,
			);
			defaultConfigurationIsVisible = 0;
			defaultConfigurationName = Release;
		};
		352CF8572814048000965FD6 /* Build configuration list for PBXNativeTarget "leboncoinUITests" */ = {
			isa = XCConfigurationList;
			buildConfigurations = (
				352CF8582814048000965FD6 /* Debug */,
				352CF8592814048000965FD6 /* Release */,
			);
			defaultConfigurationIsVisible = 0;
			defaultConfigurationName = Release;
		};
/* End XCConfigurationList section */
	};
	rootObject = 352CF81F2814047B00965FD6 /* Project object */;
}
